
Microsoft Visual Studio Solution File, Format Version 12.00
# Visual Studio Version 16
VisualStudioVersion = 16.0.29728.190
MinimumVisualStudioVersion = 10.0.40219.1
Project("{FAE04EC0-301F-11D3-BF4B-00C04F79EFBC}") = "FamilyEditorInterface", "FamilyEditorInterface\FamilyEditorInterface.csproj", "{EB9ACB02-3104-48F9-AA3E-09BB391D99AF}"
EndProject
Global
	GlobalSection(SolutionConfigurationPlatforms) = preSolution
		Debug|Any CPU = Debug|Any CPU
		Release|Any CPU = Release|Any CPU
		Revit2020|Any CPU = Revit2020|Any CPU
		Revit2021|Any CPU = Revit2021|Any CPU
		Revit2022|Any CPU = Revit2022|Any CPU
	EndGlobalSection
	GlobalSection(ProjectConfigurationPlatforms) = postSolution
		{EB9ACB02-3104-48F9-AA3E-09BB391D99AF}.Debug|Any CPU.ActiveCfg = Debug|Any CPU
		{EB9ACB02-3104-48F9-AA3E-09BB391D99AF}.Debug|Any CPU.Build.0 = Debug|Any CPU
		{EB9ACB02-3104-48F9-AA3E-09BB391D99AF}.Release|Any CPU.ActiveCfg = Release|Any CPU
		{EB9ACB02-3104-48F9-AA3E-09BB391D99AF}.Release|Any CPU.Build.0 = Release|Any CPU
		{EB9ACB02-3104-48F9-AA3E-09BB391D99AF}.Revit2020|Any CPU.ActiveCfg = Revit2020|Any CPU
		{EB9ACB02-3104-48F9-AA3E-09BB391D99AF}.Revit2020|Any CPU.Build.0 = Revit2020|Any CPU
		{EB9ACB02-3104-48F9-AA3E-09BB391D99AF}.Revit2021|Any CPU.ActiveCfg = Revit2021|Any CPU
		{EB9ACB02-3104-48F9-AA3E-09BB391D99AF}.Revit2021|Any CPU.Build.0 = Revit2021|Any CPU
		{EB9ACB02-3104-48F9-AA3E-09BB391D99AF}.Revit2022|Any CPU.ActiveCfg = Revit2022|Any CPU
		{EB9ACB02-3104-48F9-AA3E-09BB391D99AF}.Revit2022|Any CPU.Build.0 = Revit2022|Any CPU
	EndGlobalSection
	GlobalSection(SolutionProperties) = preSolution
		HideSolutionNode = FALSE
	EndGlobalSection
	GlobalSection(ExtensibilityGlobals) = postSolution
		SolutionGuid = {7947A950-0690-4D58-B34A-40B2F5C3A703}
	EndGlobalSection
EndGlobal
